<?xml version="1.0" encoding="utf-8"?>
<Project ToolsVersion="4.0" xmlns="http://schemas.microsoft.com/developer/msbuild/2003">
  <ItemGroup>
    <Filter Include="Source Files">
      <UniqueIdentifier>{4FC737F1-C7A5-4376-A066-2A32D752A2FF}</UniqueIdentifier>
      <Extensions>cpp;c;cc;cxx;def;odl;idl;hpj;bat;asm;asmx</Extensions>
    </Filter>
    <Filter Include="Header Files">
      <UniqueIdentifier>{93995380-89BD-4b04-88EB-625FBE52EBFB}</UniqueIdentifier>
      <Extensions>h;hh;hpp;hxx;hm;inl;inc;xsd</Extensions>
    </Filter>
    <Filter Include="Resource Files">
      <UniqueIdentifier>{67DA6AB6-F800-4c08-8B7A-83BB121AAD01}</UniqueIdentifier>
      <Extensions>rc;ico;cur;bmp;dlg;rc2;rct;bin;rgs;gif;jpg;jpeg;jpe;resx;tiff;tif;png;wav;mfcribbon-ms</Extensions>
    </Filter>
  </ItemGroup>
  <ItemGroup>
    <ClCompile Include="MainFrame.cpp">
      <Filter>Source Files</Filter>
    </ClCompile>
    <ClCompile Include="TField.cpp">
      <Filter>Source Files</Filter>
    </ClCompile>
  </ItemGroup>
  <ItemGroup>
    <ClInclude Include="TField.h">
      <Filter>Header Files</Filter>
    </ClInclude>
    <ClInclude Include="resource.h">
      <Filter>Header Files</Filter>
    </ClInclude>
    <ClInclude Include="Button_IMG.h">
      <Filter>Header Files</Filter>
    </ClInclude>
  </ItemGroup>
  <ItemGroup>
    <ResourceCompile Include="CrossZero.rc">
      <Filter>Resource Files</Filter>
    </ResourceCompile>
  </ItemGroup>
  <ItemGroup>
    <Image Include="Bitmap\O.bmp">
      <Filter>Resource Files</Filter>
    </Image>
    <Image Include="Bitmap\X.bmp">
      <Filter>Resource Files</Filter>
    </Image>
    <Image Include="Bitmap\BackGround.bmp">
      <Filter>Resource Files</Filter>
    </Image>
    <Image Include="Bitmap\O_Turn.bmp">
      <Filter>Resource Files</Filter>
    </Image>
    <Image Include="Bitmap\X_Turn.bmp">
      <Filter>Resource Files</Filter>
    </Image>
    <Image Include="Bitmap\WIN_O.bmp">
      <Filter>Resource Files</Filter>
    </Image>
    <Image Include="Bitmap\WIN_X.bmp">
      <Filter>Resource Files</Filter>
    </Image>
    <Image Include="Bitmap\LeftNext.bmp">
      <Filter>Resource Files</Filter>
    </Image>
    <Image Include="Bitmap\RightNext.bmp">
      <Filter>Resource Files</Filter>
    </Image>
    <Image Include="Bitmap\Start.bmp">
      <Filter>Resource Files</Filter>
    </Image>
    <Image Include="Bitmap\Draw.bmp">
      <Filter>Resource Files</Filter>
    </Image>
    <Image Include="bitmap\bitmap1.bmp">
      <Filter>Resource Files</Filter>
    </Image>
    <Image Include="Bitmap\O_W.bmp">
      <Filter>Resource Files</Filter>
    </Image>
    <Image Include="Bitmap\X_O.bmp">
      <Filter>Resource Files</Filter>
    </Image>
    <Image Include="Bitmap\Pre_O.bmp">
      <Filter>Resource Files</Filter>
    </Image>
    <Image Include="Bitmap\Pre_X.bmp">
      <Filter>Resource Files</Filter>
    </Image>
  </ItemGroup>
</Project>